// !$*UTF8*$!
{
	archiveVersion = 1;
	classes = {
	};
	objectVersion = 50;
	objects = {

/* Begin PBXBuildFile section */
		076F28592375DAD10072C383 /* AppDelegate.swift in Sources */ = {isa = PBXBuildFile; fileRef = 076F28582375DAD10072C383 /* AppDelegate.swift */; };
		076F285B2375DAD10072C383 /* SceneDelegate.swift in Sources */ = {isa = PBXBuildFile; fileRef = 076F285A2375DAD10072C383 /* SceneDelegate.swift */; };
		076F28602375DAD10072C383 /* Main.storyboard in Resources */ = {isa = PBXBuildFile; fileRef = 076F285E2375DAD10072C383 /* Main.storyboard */; };
		076F28632375DAD10072C383 /* Inventory.xcdatamodeld in Sources */ = {isa = PBXBuildFile; fileRef = 076F28612375DAD10072C383 /* Inventory.xcdatamodeld */; };
		076F28652375DAD10072C383 /* Assets.xcassets in Resources */ = {isa = PBXBuildFile; fileRef = 076F28642375DAD10072C383 /* Assets.xcassets */; };
		076F28682375DAD10072C383 /* LaunchScreen.storyboard in Resources */ = {isa = PBXBuildFile; fileRef = 076F28662375DAD10072C383 /* LaunchScreen.storyboard */; };
		076F28732375DAD20072C383 /* InventoryTests.swift in Sources */ = {isa = PBXBuildFile; fileRef = 076F28722375DAD20072C383 /* InventoryTests.swift */; };
		076F287E2375DAD20072C383 /* InventoryUITests.swift in Sources */ = {isa = PBXBuildFile; fileRef = 076F287D2375DAD20072C383 /* InventoryUITests.swift */; };
		076F288C2375DC560072C383 /* PhotoCollectionViewController.swift in Sources */ = {isa = PBXBuildFile; fileRef = 076F288B2375DC560072C383 /* PhotoCollectionViewController.swift */; };
		076F288E2375DC740072C383 /* PhotoSetViewController.swift in Sources */ = {isa = PBXBuildFile; fileRef = 076F288D2375DC740072C383 /* PhotoSetViewController.swift */; };
/* End PBXBuildFile section */

/* Begin PBXContainerItemProxy section */
		076F286F2375DAD20072C383 /* PBXContainerItemProxy */ = {
			isa = PBXContainerItemProxy;
			containerPortal = 076F284D2375DAD10072C383 /* Project object */;
			proxyType = 1;
			remoteGlobalIDString = 076F28542375DAD10072C383;
			remoteInfo = Inventory;
		};
		076F287A2375DAD20072C383 /* PBXContainerItemProxy */ = {
			isa = PBXContainerItemProxy;
			containerPortal = 076F284D2375DAD10072C383 /* Project object */;
			proxyType = 1;
			remoteGlobalIDString = 076F28542375DAD10072C383;
			remoteInfo = Inventory;
		};
/* End PBXContainerItemProxy section */

/* Begin PBXFileReference section */
		076F28552375DAD10072C383 /* Inventory.app */ = {isa = PBXFileReference; explicitFileType = wrapper.application; includeInIndex = 0; path = Inventory.app; sourceTree = BUILT_PRODUCTS_DIR; };
		076F28582375DAD10072C383 /* AppDelegate.swift */ = {isa = PBXFileReference; lastKnownFileType = sourcecode.swift; path = AppDelegate.swift; sourceTree = "<group>"; };
		076F285A2375DAD10072C383 /* SceneDelegate.swift */ = {isa = PBXFileReference; lastKnownFileType = sourcecode.swift; path = SceneDelegate.swift; sourceTree = "<group>"; };
		076F285F2375DAD10072C383 /* Base */ = {isa = PBXFileReference; lastKnownFileType = file.storyboard; name = Base; path = Base.lproj/Main.storyboard; sourceTree = "<group>"; };
		076F28622375DAD10072C383 /* Inventory.xcdatamodel */ = {isa = PBXFileReference; lastKnownFileType = wrapper.xcdatamodel; path = Inventory.xcdatamodel; sourceTree = "<group>"; };
		076F28642375DAD10072C383 /* Assets.xcassets */ = {isa = PBXFileReference; lastKnownFileType = folder.assetcatalog; path = Assets.xcassets; sourceTree = "<group>"; };
		076F28672375DAD10072C383 /* Base */ = {isa = PBXFileReference; lastKnownFileType = file.storyboard; name = Base; path = Base.lproj/LaunchScreen.storyboard; sourceTree = "<group>"; };
		076F28692375DAD10072C383 /* Info.plist */ = {isa = PBXFileReference; lastKnownFileType = text.plist.xml; path = Info.plist; sourceTree = "<group>"; };
		076F286E2375DAD20072C383 /* InventoryTests.xctest */ = {isa = PBXFileReference; explicitFileType = wrapper.cfbundle; includeInIndex = 0; path = InventoryTests.xctest; sourceTree = BUILT_PRODUCTS_DIR; };
		076F28722375DAD20072C383 /* InventoryTests.swift */ = {isa = PBXFileReference; lastKnownFileType = sourcecode.swift; path = InventoryTests.swift; sourceTree = "<group>"; };
		076F28742375DAD20072C383 /* Info.plist */ = {isa = PBXFileReference; lastKnownFileType = text.plist.xml; path = Info.plist; sourceTree = "<group>"; };
		076F28792375DAD20072C383 /* InventoryUITests.xctest */ = {isa = PBXFileReference; explicitFileType = wrapper.cfbundle; includeInIndex = 0; path = InventoryUITests.xctest; sourceTree = BUILT_PRODUCTS_DIR; };
		076F287D2375DAD20072C383 /* InventoryUITests.swift */ = {isa = PBXFileReference; lastKnownFileType = sourcecode.swift; path = InventoryUITests.swift; sourceTree = "<group>"; };
		076F287F2375DAD20072C383 /* Info.plist */ = {isa = PBXFileReference; lastKnownFileType = text.plist.xml; path = Info.plist; sourceTree = "<group>"; };
		076F288B2375DC560072C383 /* PhotoCollectionViewController.swift */ = {isa = PBXFileReference; lastKnownFileType = sourcecode.swift; path = PhotoCollectionViewController.swift; sourceTree = "<group>"; };
		076F288D2375DC740072C383 /* PhotoSetViewController.swift */ = {isa = PBXFileReference; lastKnownFileType = sourcecode.swift; path = PhotoSetViewController.swift; sourceTree = "<group>"; };
/* End PBXFileReference section */

/* Begin PBXFrameworksBuildPhase section */
		076F28522375DAD10072C383 /* Frameworks */ = {
			isa = PBXFrameworksBuildPhase;
			buildActionMask = 2147483647;
			files = (
			);
			runOnlyForDeploymentPostprocessing = 0;
		};
		076F286B2375DAD20072C383 /* Frameworks */ = {
			isa = PBXFrameworksBuildPhase;
			buildActionMask = 2147483647;
			files = (
			);
			runOnlyForDeploymentPostprocessing = 0;
		};
		076F28762375DAD20072C383 /* Frameworks */ = {
			isa = PBXFrameworksBuildPhase;
			buildActionMask = 2147483647;
			files = (
			);
			runOnlyForDeploymentPostprocessing = 0;
		};
/* End PBXFrameworksBuildPhase section */

/* Begin PBXGroup section */
		076F284C2375DAD10072C383 = {
			isa = PBXGroup;
			children = (
				076F28572375DAD10072C383 /* Inventory */,
				076F28712375DAD20072C383 /* InventoryTests */,
				076F287C2375DAD20072C383 /* InventoryUITests */,
				076F28562375DAD10072C383 /* Products */,
			);
			sourceTree = "<group>";
		};
		076F28562375DAD10072C383 /* Products */ = {
			isa = PBXGroup;
			children = (
				076F28552375DAD10072C383 /* Inventory.app */,
				076F286E2375DAD20072C383 /* InventoryTests.xctest */,
				076F28792375DAD20072C383 /* InventoryUITests.xctest */,
			);
			name = Products;
			sourceTree = "<group>";
		};
		076F28572375DAD10072C383 /* Inventory */ = {
			isa = PBXGroup;
			children = (
				076F28582375DAD10072C383 /* AppDelegate.swift */,
				076F285A2375DAD10072C383 /* SceneDelegate.swift */,
				076F285E2375DAD10072C383 /* Main.storyboard */,
				076F28642375DAD10072C383 /* Assets.xcassets */,
				076F28662375DAD10072C383 /* LaunchScreen.storyboard */,
				076F28692375DAD10072C383 /* Info.plist */,
				076F28612375DAD10072C383 /* Inventory.xcdatamodeld */,
				076F288B2375DC560072C383 /* PhotoCollectionViewController.swift */,
				076F288D2375DC740072C383 /* PhotoSetViewController.swift */,
			);
			path = Inventory;
			sourceTree = "<group>";
		};
		076F28712375DAD20072C383 /* InventoryTests */ = {
			isa = PBXGroup;
			children = (
				076F28722375DAD20072C383 /* InventoryTests.swift */,
				076F28742375DAD20072C383 /* Info.plist */,
			);
			path = InventoryTests;
			sourceTree = "<group>";
		};
		076F287C2375DAD20072C383 /* InventoryUITests */ = {
			isa = PBXGroup;
			children = (
				076F287D2375DAD20072C383 /* InventoryUITests.swift */,
				076F287F2375DAD20072C383 /* Info.plist */,
			);
			path = InventoryUITests;
			sourceTree = "<group>";
		};
/* End PBXGroup section */

/* Begin PBXNativeTarget section */
		076F28542375DAD10072C383 /* Inventory */ = {
			isa = PBXNativeTarget;
			buildConfigurationList = 076F28822375DAD20072C383 /* Build configuration list for PBXNativeTarget "Inventory" */;
			buildPhases = (
				076F28512375DAD10072C383 /* Sources */,
				076F28522375DAD10072C383 /* Frameworks */,
				076F28532375DAD10072C383 /* Resources */,
			);
			buildRules = (
			);
			dependencies = (
			);
			name = Inventory;
			productName = Inventory;
			productReference = 076F28552375DAD10072C383 /* Inventory.app */;
			productType = "com.apple.product-type.application";
		};
		076F286D2375DAD20072C383 /* InventoryTests */ = {
			isa = PBXNativeTarget;
			buildConfigurationList = 076F28852375DAD20072C383 /* Build configuration list for PBXNativeTarget "InventoryTests" */;
			buildPhases = (
				076F286A2375DAD20072C383 /* Sources */,
				076F286B2375DAD20072C383 /* Frameworks */,
				076F286C2375DAD20072C383 /* Resources */,
			);
			buildRules = (
			);
			dependencies = (
				076F28702375DAD20072C383 /* PBXTargetDependency */,
			);
			name = InventoryTests;
			productName = InventoryTests;
			productReference = 076F286E2375DAD20072C383 /* InventoryTests.xctest */;
			productType = "com.apple.product-type.bundle.unit-test";
		};
		076F28782375DAD20072C383 /* InventoryUITests */ = {
			isa = PBXNativeTarget;
			buildConfigurationList = 076F28882375DAD20072C383 /* Build configuration list for PBXNativeTarget "InventoryUITests" */;
			buildPhases = (
				076F28752375DAD20072C383 /* Sources */,
				076F28762375DAD20072C383 /* Frameworks */,
				076F28772375DAD20072C383 /* Resources */,
			);
			buildRules = (
			);
			dependencies = (
				076F287B2375DAD20072C383 /* PBXTargetDependency */,
			);
			name = InventoryUITests;
			productName = InventoryUITests;
			productReference = 076F28792375DAD20072C383 /* InventoryUITests.xctest */;
			productType = "com.apple.product-type.bundle.ui-testing";
		};
/* End PBXNativeTarget section */

/* Begin PBXProject section */
		076F284D2375DAD10072C383 /* Project object */ = {
			isa = PBXProject;
			attributes = {
				LastSwiftUpdateCheck = 1100;
				LastUpgradeCheck = 1100;
				ORGANIZATIONNAME = "Brady Webb";
				TargetAttributes = {
					076F28542375DAD10072C383 = {
						CreatedOnToolsVersion = 11.0;
					};
					076F286D2375DAD20072C383 = {
						CreatedOnToolsVersion = 11.0;
						TestTargetID = 076F28542375DAD10072C383;
					};
					076F28782375DAD20072C383 = {
						CreatedOnToolsVersion = 11.0;
						TestTargetID = 076F28542375DAD10072C383;
					};
				};
			};
			buildConfigurationList = 076F28502375DAD10072C383 /* Build configuration list for PBXProject "Inventory" */;
			compatibilityVersion = "Xcode 9.3";
			developmentRegion = en;
			hasScannedForEncodings = 0;
			knownRegions = (
				en,
				Base,
			);
			mainGroup = 076F284C2375DAD10072C383;
			productRefGroup = 076F28562375DAD10072C383 /* Products */;
			projectDirPath = "";
			projectRoot = "";
			targets = (
				076F28542375DAD10072C383 /* Inventory */,
				076F286D2375DAD20072C383 /* InventoryTests */,
				076F28782375DAD20072C383 /* InventoryUITests */,
			);
		};
/* End PBXProject section */

/* Begin PBXResourcesBuildPhase section */
		076F28532375DAD10072C383 /* Resources */ = {
			isa = PBXResourcesBuildPhase;
			buildActionMask = 2147483647;
			files = (
				076F28682375DAD10072C383 /* LaunchScreen.storyboard in Resources */,
				076F28652375DAD10072C383 /* Assets.xcassets in Resources */,
				076F28602375DAD10072C383 /* Main.storyboard in Resources */,
			);
			runOnlyForDeploymentPostprocessing = 0;
		};
		076F286C2375DAD20072C383 /* Resources */ = {
			isa = PBXResourcesBuildPhase;
			buildActionMask = 2147483647;
			files = (
			);
			runOnlyForDeploymentPostprocessing = 0;
		};
		076F28772375DAD20072C383 /* Resources */ = {
			isa = PBXResourcesBuildPhase;
			buildActionMask = 2147483647;
			files = (
			);
			runOnlyForDeploymentPostprocessing = 0;
		};
/* End PBXResourcesBuildPhase section */

/* Begin PBXSourcesBuildPhase section */
		076F28512375DAD10072C383 /* Sources */ = {
			isa = PBXSourcesBuildPhase;
			buildActionMask = 2147483647;
			files = (
				076F288E2375DC740072C383 /* PhotoSetViewController.swift in Sources */,
				076F28632375DAD10072C383 /* Inventory.xcdatamodeld in Sources */,
				076F28592375DAD10072C383 /* AppDelegate.swift in Sources */,
				076F285B2375DAD10072C383 /* SceneDelegate.swift in Sources */,
				076F288C2375DC560072C383 /* PhotoCollectionViewController.swift in Sources */,
			);
			runOnlyForDeploymentPostprocessing = 0;
		};
		076F286A2375DAD20072C383 /* Sources */ = {
			isa = PBXSourcesBuildPhase;
			buildActionMask = 2147483647;
			files = (
				076F28732375DAD20072C383 /* InventoryTests.swift in Sources */,
			);
			runOnlyForDeploymentPostprocessing = 0;
		};
		076F28752375DAD20072C383 /* Sources */ = {
			isa = PBXSourcesBuildPhase;
			buildActionMask = 2147483647;
			files = (
				076F287E2375DAD20072C383 /* InventoryUITests.swift in Sources */,
			);
			runOnlyForDeploymentPostprocessing = 0;
		};
/* End PBXSourcesBuildPhase section */

/* Begin PBXTargetDependency section */
		076F28702375DAD20072C383 /* PBXTargetDependency */ = {
			isa = PBXTargetDependency;
			target = 076F28542375DAD10072C383 /* Inventory */;
			targetProxy = 076F286F2375DAD20072C383 /* PBXContainerItemProxy */;
		};
		076F287B2375DAD20072C383 /* PBXTargetDependency */ = {
			isa = PBXTargetDependency;
			target = 076F28542375DAD10072C383 /* Inventory */;
			targetProxy = 076F287A2375DAD20072C383 /* PBXContainerItemProxy */;
		};
/* End PBXTargetDependency section */

/* Begin PBXVariantGroup section */
		076F285E2375DAD10072C383 /* Main.storyboard */ = {
			isa = PBXVariantGroup;
			children = (
				076F285F2375DAD10072C383 /* Base */,
			);
			name = Main.storyboard;
			sourceTree = "<group>";
		};
		076F28662375DAD10072C383 /* LaunchScreen.storyboard */ = {
			isa = PBXVariantGroup;
			children = (
				076F28672375DAD10072C383 /* Base */,
			);
			name = LaunchScreen.storyboard;
			sourceTree = "<group>";
		};
/* End PBXVariantGroup section */

/* Begin XCBuildConfiguration section */
		076F28802375DAD20072C383 /* Debug */ = {
			isa = XCBuildConfiguration;
			buildSettings = {
				ALWAYS_SEARCH_USER_PATHS = NO;
				CLANG_ANALYZER_NONNULL = YES;
				CLANG_ANALYZER_NUMBER_OBJECT_CONVERSION = YES_AGGRESSIVE;
				CLANG_CXX_LANGUAGE_STANDARD = "gnu++14";
				CLANG_CXX_LIBRARY = "libc++";
				CLANG_ENABLE_MODULES = YES;
				CLANG_ENABLE_OBJC_ARC = YES;
				CLANG_ENABLE_OBJC_WEAK = YES;
				CLANG_WARN_BLOCK_CAPTURE_AUTORELEASING = YES;
				CLANG_WARN_BOOL_CONVERSION = YES;
				CLANG_WARN_COMMA = YES;
				CLANG_WARN_CONSTANT_CONVERSION = YES;
				CLANG_WARN_DEPRECATED_OBJC_IMPLEMENTATIONS = YES;
				CLANG_WARN_DIRECT_OBJC_ISA_USAGE = YES_ERROR;
				CLANG_WARN_DOCUMENTATION_COMMENTS = YES;
				CLANG_WARN_EMPTY_BODY = YES;
				CLANG_WARN_ENUM_CONVERSION = YES;
				CLANG_WARN_INFINITE_RECURSION = YES;
				CLANG_WARN_INT_CONVERSION = YES;
				CLANG_WARN_NON_LITERAL_NULL_CONVERSION = YES;
				CLANG_WARN_OBJC_IMPLICIT_RETAIN_SELF = YES;
				CLANG_WARN_OBJC_LITERAL_CONVERSION = YES;
				CLANG_WARN_OBJC_ROOT_CLASS = YES_ERROR;
				CLANG_WARN_RANGE_LOOP_ANALYSIS = YES;
				CLANG_WARN_STRICT_PROTOTYPES = YES;
				CLANG_WARN_SUSPICIOUS_MOVE = YES;
				CLANG_WARN_UNGUARDED_AVAILABILITY = YES_AGGRESSIVE;
				CLANG_WARN_UNREACHABLE_CODE = YES;
				CLANG_WARN__DUPLICATE_METHOD_MATCH = YES;
				COPY_PHASE_STRIP = NO;
				DEBUG_INFORMATION_FORMAT = dwarf;
				ENABLE_STRICT_OBJC_MSGSEND = YES;
				ENABLE_TESTABILITY = YES;
				GCC_C_LANGUAGE_STANDARD = gnu11;
				GCC_DYNAMIC_NO_PIC = NO;
				GCC_NO_COMMON_BLOCKS = YES;
				GCC_OPTIMIZATION_LEVEL = 0;
				GCC_PREPROCESSOR_DEFINITIONS = (
					"DEBUG=1",
					"$(inherited)",
				);
				GCC_WARN_64_TO_32_BIT_CONVERSION = YES;
				GCC_WARN_ABOUT_RETURN_TYPE = YES_ERROR;
				GCC_WARN_UNDECLARED_SELECTOR = YES;
				GCC_WARN_UNINITIALIZED_AUTOS = YES_AGGRESSIVE;
				GCC_WARN_UNUSED_FUNCTION = YES;
				GCC_WARN_UNUSED_VARIABLE = YES;
				IPHONEOS_DEPLOYMENT_TARGET = 13.0;
				MTL_ENABLE_DEBUG_INFO = INCLUDE_SOURCE;
				MTL_FAST_MATH = YES;
				ONLY_ACTIVE_ARCH = YES;
				SDKROOT = iphoneos;
				SWIFT_ACTIVE_COMPILATION_CONDITIONS = DEBUG;
				SWIFT_OPTIMIZATION_LEVEL = "-Onone";
			};
			name = Debug;
		};
		076F28812375DAD20072C383 /* Release */ = {
			isa = XCBuildConfiguration;
			buildSettings = {
				ALWAYS_SEARCH_USER_PATHS = NO;
				CLANG_ANALYZER_NONNULL = YES;
				CLANG_ANALYZER_NUMBER_OBJECT_CONVERSION = YES_AGGRESSIVE;
				CLANG_CXX_LANGUAGE_STANDARD = "gnu++14";
				CLANG_CXX_LIBRARY = "libc++";
				CLANG_ENABLE_MODULES = YES;
				CLANG_ENABLE_OBJC_ARC = YES;
				CLANG_ENABLE_OBJC_WEAK = YES;
				CLANG_WARN_BLOCK_CAPTURE_AUTORELEASING = YES;
				CLANG_WARN_BOOL_CONVERSION = YES;
				CLANG_WARN_COMMA = YES;
				CLANG_WARN_CONSTANT_CONVERSION = YES;
				CLANG_WARN_DEPRECATED_OBJC_IMPLEMENTATIONS = YES;
				CLANG_WARN_DIRECT_OBJC_ISA_USAGE = YES_ERROR;
				CLANG_WARN_DOCUMENTATION_COMMENTS = YES;
				CLANG_WARN_EMPTY_BODY = YES;
				CLANG_WARN_ENUM_CONVERSION = YES;
				CLANG_WARN_INFINITE_RECURSION = YES;
				CLANG_WARN_INT_CONVERSION = YES;
				CLANG_WARN_NON_LITERAL_NULL_CONVERSION = YES;
				CLANG_WARN_OBJC_IMPLICIT_RETAIN_SELF = YES;
				CLANG_WARN_OBJC_LITERAL_CONVERSION = YES;
				CLANG_WARN_OBJC_ROOT_CLASS = YES_ERROR;
				CLANG_WARN_RANGE_LOOP_ANALYSIS = YES;
				CLANG_WARN_STRICT_PROTOTYPES = YES;
				CLANG_WARN_SUSPICIOUS_MOVE = YES;
				CLANG_WARN_UNGUARDED_AVAILABILITY = YES_AGGRESSIVE;
				CLANG_WARN_UNREACHABLE_CODE = YES;
				CLANG_WARN__DUPLICATE_METHOD_MATCH = YES;
				COPY_PHASE_STRIP = NO;
				DEBUG_INFORMATION_FORMAT = "dwarf-with-dsym";
				ENABLE_NS_ASSERTIONS = NO;
				ENABLE_STRICT_OBJC_MSGSEND = YES;
				GCC_C_LANGUAGE_STANDARD = gnu11;
				GCC_NO_COMMON_BLOCKS = YES;
				GCC_WARN_64_TO_32_BIT_CONVERSION = YES;
				GCC_WARN_ABOUT_RETURN_TYPE = YES_ERROR;
				GCC_WARN_UNDECLARED_SELECTOR = YES;
				GCC_WARN_UNINITIALIZED_AUTOS = YES_AGGRESSIVE;
				GCC_WARN_UNUSED_FUNCTION = YES;
				GCC_WARN_UNUSED_VARIABLE = YES;
				IPHONEOS_DEPLOYMENT_TARGET = 13.0;
				MTL_ENABLE_DEBUG_INFO = NO;
				MTL_FAST_MATH = YES;
				SDKROOT = iphoneos;
				SWIFT_COMPILATION_MODE = wholemodule;
				SWIFT_OPTIMIZATION_LEVEL = "-O";
				VALIDATE_PRODUCT = YES;
			};
			name = Release;
		};
		076F28832375DAD20072C383 /* Debug */ = {
			isa = XCBuildConfiguration;
			buildSettings = {
				ASSETCATALOG_COMPILER_APPICON_NAME = AppIcon;
				CODE_SIGN_STYLE = Automatic;
				DEVELOPMENT_TEAM = PG6CURL89C;
				INFOPLIST_FILE = Inventory/Info.plist;
				LD_RUNPATH_SEARCH_PATHS = (
					"$(inherited)",
					"@executable_path/Frameworks",
				);
				PRODUCT_BUNDLE_IDENTIFIER = edu.missouri.Inventory;
				PRODUCT_NAME = "$(TARGET_NAME)";
				SWIFT_VERSION = 5.0;
				TARGETED_DEVICE_FAMILY = "1,2";
			};
			name = Debug;
		};
		076F28842375DAD20072C383 /* Release */ = {
			isa = XCBuildConfiguration;
			buildSettings = {
				ASSETCATALOG_COMPILER_APPICON_NAME = AppIcon;
				CODE_SIGN_STYLE = Automatic;
				DEVELOPMENT_TEAM = PG6CURL89C;
				INFOPLIST_FILE = Inventory/Info.plist;
				LD_RUNPATH_SEARCH_PATHS = (
					"$(inherited)",
					"@executable_path/Frameworks",
				);
				PRODUCT_BUNDLE_IDENTIFIER = edu.missouri.Inventory;
				PRODUCT_NAME = "$(TARGET_NAME)";
				SWIFT_VERSION = 5.0;
				TARGETED_DEVICE_FAMILY = "1,2";
			};
			name = Release;
		};
		076F28862375DAD20072C383 /* Debug */ = {
			isa = XCBuildConfiguration;
			buildSettings = {
				ALWAYS_EMBED_SWIFT_STANDARD_LIBRARIES = YES;
				BUNDLE_LOADER = "$(TEST_HOST)";
				CODE_SIGN_STYLE = Automatic;
				DEVELOPMENT_TEAM = PG6CURL89C;
				INFOPLIST_FILE = InventoryTests/Info.plist;
				IPHONEOS_DEPLOYMENT_TARGET = 13.0;
				LD_RUNPATH_SEARCH_PATHS = (
					"$(inherited)",
					"@executable_path/Frameworks",
					"@loader_path/Frameworks",
				);
				PRODUCT_BUNDLE_IDENTIFIER = edu.missouri.InventoryTests;
				PRODUCT_NAME = "$(TARGET_NAME)";
				SWIFT_VERSION = 5.0;
				TARGETED_DEVICE_FAMILY = "1,2";
				TEST_HOST = "$(BUILT_PRODUCTS_DIR)/Inventory.app/Inventory";
			};
			name = Debug;
		};
		076F28872375DAD20072C383 /* Release */ = {
			isa = XCBuildConfiguration;
			buildSettings = {
				ALWAYS_EMBED_SWIFT_STANDARD_LIBRARIES = YES;
				BUNDLE_LOADER = "$(TEST_HOST)";
				CODE_SIGN_STYLE = Automatic;
				DEVELOPMENT_TEAM = PG6CURL89C;
				INFOPLIST_FILE = InventoryTests/Info.plist;
				IPHONEOS_DEPLOYMENT_TARGET = 13.0;
				LD_RUNPATH_SEARCH_PATHS = (
					"$(inherited)",
					"@executable_path/Frameworks",
					"@loader_path/Frameworks",
				);
				PRODUCT_BUNDLE_IDENTIFIER = edu.missouri.InventoryTests;
				PRODUCT_NAME = "$(TARGET_NAME)";
				SWIFT_VERSION = 5.0;
				TARGETED_DEVICE_FAMILY = "1,2";
				TEST_HOST = "$(BUILT_PRODUCTS_DIR)/Inventory.app/Inventory";
			};
			name = Release;
		};
		076F28892375DAD20072C383 /* Debug */ = {
			isa = XCBuildConfiguration;
			buildSettings = {
				ALWAYS_EMBED_SWIFT_STANDARD_LIBRARIES = YES;
				CODE_SIGN_STYLE = Automatic;
				DEVELOPMENT_TEAM = PG6CURL89C;
				INFOPLIST_FILE = InventoryUITests/Info.plist;
				LD_RUNPATH_SEARCH_PATHS = (
					"$(inherited)",
					"@executable_path/Frameworks",
					"@loader_path/Frameworks",
				);
				PRODUCT_BUNDLE_IDENTIFIER = edu.missouri.InventoryUITests;
				PRODUCT_NAME = "$(TARGET_NAME)";
				SWIFT_VERSION = 5.0;
				TARGETED_DEVICE_FAMILY = "1,2";
				TEST_TARGET_NAME = Inventory;
			};
			name = Debug;
		};
		076F288A2375DAD20072C383 /* Release */ = {
			isa = XCBuildConfiguration;
			buildSettings = {
				ALWAYS_EMBED_SWIFT_STANDARD_LIBRARIES = YES;
				CODE_SIGN_STYLE = Automatic;
				DEVELOPMENT_TEAM = PG6CURL89C;
				INFOPLIST_FILE = InventoryUITests/Info.plist;
				LD_RUNPATH_SEARCH_PATHS = (
					"$(inherited)",
					"@executable_path/Frameworks",
					"@loader_path/Frameworks",
				);
				PRODUCT_BUNDLE_IDENTIFIER = edu.missouri.InventoryUITests;
				PRODUCT_NAME = "$(TARGET_NAME)";
				SWIFT_VERSION = 5.0;
				TARGETED_DEVICE_FAMILY = "1,2";
				TEST_TARGET_NAME = Inventory;
			};
			name = Release;
		};
/* End XCBuildConfiguration section */

/* Begin XCConfigurationList section */
		076F28502375DAD10072C383 /* Build configuration list for PBXProject "Inventory" */ = {
			isa = XCConfigurationList;
			buildConfigurations = (
				076F28802375DAD20072C383 /* Debug */,
				076F28812375DAD20072C383 /* Release */,
			);
			defaultConfigurationIsVisible = 0;
			defaultConfigurationName = Release;
		};
		076F28822375DAD20072C383 /* Build configuration list for PBXNativeTarget "Inventory" */ = {
			isa = XCConfigurationList;
			buildConfigurations = (
				076F28832375DAD20072C383 /* Debug */,
				076F28842375DAD20072C383 /* Release */,
			);
			defaultConfigurationIsVisible = 0;
			defaultConfigurationName = Release;
		};
		076F28852375DAD20072C383 /* Build configuration list for PBXNativeTarget "InventoryTests" */ = {
			isa = XCConfigurationList;
			buildConfigurations = (
				076F28862375DAD20072C383 /* Debug */,
				076F28872375DAD20072C383 /* Release */,
			);
			defaultConfigurationIsVisible = 0;
			defaultConfigurationName = Release;
		};
		076F28882375DAD20072C383 /* Build configuration list for PBXNativeTarget "InventoryUITests" */ = {
			isa = XCConfigurationList;
			buildConfigurations = (
				076F28892375DAD20072C383 /* Debug */,
				076F288A2375DAD20072C383 /* Release */,
			);
			defaultConfigurationIsVisible = 0;
			defaultConfigurationName = Release;
		};
/* End XCConfigurationList section */

/* Begin XCVersionGroup section */
		076F28612375DAD10072C383 /* Inventory.xcdatamodeld */ = {
			isa = XCVersionGroup;
			children = (
				076F28622375DAD10072C383 /* Inventory.xcdatamodel */,
			);
			currentVersion = 076F28622375DAD10072C383 /* Inventory.xcdatamodel */;
			path = Inventory.xcdatamodeld;
			sourceTree = "<group>";
			versionGroupType = wrapper.xcdatamodel;
		};
/* End XCVersionGroup section */
	};
	rootObject = 076F284D2375DAD10072C383 /* Project object */;
}
